// !$*UTF8*$!
{
	archiveVersion = 1;
	classes = {
	};
	objectVersion = 55;
	objects = {

/* Begin PBXBuildFile section */
		0904CD2D28D4BA0A006A5962 /* HeaderViewUtil.swift in Sources */ = {isa = PBXBuildFile; fileRef = 0904CD2C28D4BA0A006A5962 /* HeaderViewUtil.swift */; };
		0912C83D2838CA4E0090D088 /* LaunchScreen.storyboard in Resources */ = {isa = PBXBuildFile; fileRef = 0912C83C2838CA4E0090D088 /* LaunchScreen.storyboard */; };
		095D0AA228DAE03E00E4428F /* DaysView.swift in Sources */ = {isa = PBXBuildFile; fileRef = 095D0AA128DAE03E00E4428F /* DaysView.swift */; };
		09A5A60428C47422004CB87C /* Home.swift in Sources */ = {isa = PBXBuildFile; fileRef = 09A5A60328C47422004CB87C /* Home.swift */; };
		09BC424E28E1840A004156C9 /* CalendarViewUtil.swift in Sources */ = {isa = PBXBuildFile; fileRef = 09BC424D28E1840A004156C9 /* CalendarViewUtil.swift */; };
		09BCEA0528C47C5D005313AE /* NoTaskView.swift in Sources */ = {isa = PBXBuildFile; fileRef = 09BCEA0428C47C5D005313AE /* NoTaskView.swift */; };
		09BCEA0728C47CF8005313AE /* TaskCardView.swift in Sources */ = {isa = PBXBuildFile; fileRef = 09BCEA0628C47CF8005313AE /* TaskCardView.swift */; };
		09BCEA0928C47E91005313AE /* CalendarView.swift in Sources */ = {isa = PBXBuildFile; fileRef = 09BCEA0828C47E91005313AE /* CalendarView.swift */; };
		09BCEA0C28C47F46005313AE /* ModalView.swift in Sources */ = {isa = PBXBuildFile; fileRef = 09BCEA0B28C47F46005313AE /* ModalView.swift */; };
		09BCEA1028C48B73005313AE /* HeaderView.swift in Sources */ = {isa = PBXBuildFile; fileRef = 09BCEA0F28C48B73005313AE /* HeaderView.swift */; };
		09BCEA1228C5D672005313AE /* DateValue.swift in Sources */ = {isa = PBXBuildFile; fileRef = 09BCEA1128C5D672005313AE /* DateValue.swift */; };
		09BCEA1428C5DD24005313AE /* TaskDoneCardView.swift in Sources */ = {isa = PBXBuildFile; fileRef = 09BCEA1328C5DD24005313AE /* TaskDoneCardView.swift */; };
		09BF2D3A28D45AF8005B3327 /* Realm in Frameworks */ = {isa = PBXBuildFile; productRef = 09BF2D3928D45AF8005B3327 /* Realm */; };
		09BF2D3C28D45AF8005B3327 /* RealmSwift in Frameworks */ = {isa = PBXBuildFile; productRef = 09BF2D3B28D45AF8005B3327 /* RealmSwift */; };
		09C3036F2827462400B47283 /* ToDoListApp.swift in Sources */ = {isa = PBXBuildFile; fileRef = 09C3036E2827462400B47283 /* ToDoListApp.swift */; };
		09C303732827462800B47283 /* Assets.xcassets in Resources */ = {isa = PBXBuildFile; fileRef = 09C303722827462800B47283 /* Assets.xcassets */; };
		09C303762827462800B47283 /* Preview Assets.xcassets in Resources */ = {isa = PBXBuildFile; fileRef = 09C303752827462800B47283 /* Preview Assets.xcassets */; };
		9503C5DA28CF09E500900798 /* Realm in Frameworks */ = {isa = PBXBuildFile; productRef = 9503C5D928CF09E500900798 /* Realm */; };
		9503C5DC28CF09E500900798 /* RealmSwift in Frameworks */ = {isa = PBXBuildFile; productRef = 9503C5DB28CF09E500900798 /* RealmSwift */; };
		95200F9E29027A2A00ACE797 /* Migrator.swift in Sources */ = {isa = PBXBuildFile; fileRef = 95200F9D29027A2A00ACE797 /* Migrator.swift */; };
		953001E228D0459D007731B2 /* Task.swift in Sources */ = {isa = PBXBuildFile; fileRef = 953001E128D0459D007731B2 /* Task.swift */; };
		953001E428D05E32007731B2 /* WeekdaysView.swift in Sources */ = {isa = PBXBuildFile; fileRef = 953001E328D05E32007731B2 /* WeekdaysView.swift */; };
		953001E828D06095007731B2 /* CalendarHeaderView.swift in Sources */ = {isa = PBXBuildFile; fileRef = 953001E728D06095007731B2 /* CalendarHeaderView.swift */; };
		953001EA28D068B8007731B2 /* TaskInCalendarView.swift in Sources */ = {isa = PBXBuildFile; fileRef = 953001E928D068B8007731B2 /* TaskInCalendarView.swift */; };
/* End PBXBuildFile section */

/* Begin PBXFileReference section */
		0904CD2C28D4BA0A006A5962 /* HeaderViewUtil.swift */ = {isa = PBXFileReference; lastKnownFileType = sourcecode.swift; path = HeaderViewUtil.swift; sourceTree = "<group>"; };
		0912C83B2838C9D00090D088 /* Info.plist */ = {isa = PBXFileReference; lastKnownFileType = text.plist; path = Info.plist; sourceTree = "<group>"; };
		0912C83C2838CA4E0090D088 /* LaunchScreen.storyboard */ = {isa = PBXFileReference; lastKnownFileType = file.storyboard; path = LaunchScreen.storyboard; sourceTree = "<group>"; };
		095D0AA128DAE03E00E4428F /* DaysView.swift */ = {isa = PBXFileReference; fileEncoding = 4; lastKnownFileType = sourcecode.swift; path = DaysView.swift; sourceTree = "<group>"; };
		09A5A60328C47422004CB87C /* Home.swift */ = {isa = PBXFileReference; lastKnownFileType = sourcecode.swift; path = Home.swift; sourceTree = "<group>"; usesTabs = 0; };
		09BC424D28E1840A004156C9 /* CalendarViewUtil.swift */ = {isa = PBXFileReference; lastKnownFileType = sourcecode.swift; path = CalendarViewUtil.swift; sourceTree = "<group>"; };
		09BCEA0428C47C5D005313AE /* NoTaskView.swift */ = {isa = PBXFileReference; lastKnownFileType = sourcecode.swift; path = NoTaskView.swift; sourceTree = "<group>"; };
		09BCEA0628C47CF8005313AE /* TaskCardView.swift */ = {isa = PBXFileReference; lastKnownFileType = sourcecode.swift; path = TaskCardView.swift; sourceTree = "<group>"; };
		09BCEA0828C47E91005313AE /* CalendarView.swift */ = {isa = PBXFileReference; lastKnownFileType = sourcecode.swift; path = CalendarView.swift; sourceTree = "<group>"; };
		09BCEA0B28C47F46005313AE /* ModalView.swift */ = {isa = PBXFileReference; lastKnownFileType = sourcecode.swift; path = ModalView.swift; sourceTree = "<group>"; };
		09BCEA0F28C48B73005313AE /* HeaderView.swift */ = {isa = PBXFileReference; lastKnownFileType = sourcecode.swift; path = HeaderView.swift; sourceTree = "<group>"; };
		09BCEA1128C5D672005313AE /* DateValue.swift */ = {isa = PBXFileReference; lastKnownFileType = sourcecode.swift; path = DateValue.swift; sourceTree = "<group>"; };
		09BCEA1328C5DD24005313AE /* TaskDoneCardView.swift */ = {isa = PBXFileReference; lastKnownFileType = sourcecode.swift; path = TaskDoneCardView.swift; sourceTree = "<group>"; };
		09C3036B2827462400B47283 /* ToDoList.app */ = {isa = PBXFileReference; explicitFileType = wrapper.application; includeInIndex = 0; path = ToDoList.app; sourceTree = BUILT_PRODUCTS_DIR; };
		09C3036E2827462400B47283 /* ToDoListApp.swift */ = {isa = PBXFileReference; lastKnownFileType = sourcecode.swift; path = ToDoListApp.swift; sourceTree = "<group>"; };
		09C303722827462800B47283 /* Assets.xcassets */ = {isa = PBXFileReference; lastKnownFileType = folder.assetcatalog; path = Assets.xcassets; sourceTree = "<group>"; };
		09C303752827462800B47283 /* Preview Assets.xcassets */ = {isa = PBXFileReference; lastKnownFileType = folder.assetcatalog; path = "Preview Assets.xcassets"; sourceTree = "<group>"; };
		95200F9D29027A2A00ACE797 /* Migrator.swift */ = {isa = PBXFileReference; fileEncoding = 4; lastKnownFileType = sourcecode.swift; path = Migrator.swift; sourceTree = "<group>"; };
		953001E128D0459D007731B2 /* Task.swift */ = {isa = PBXFileReference; lastKnownFileType = sourcecode.swift; path = Task.swift; sourceTree = "<group>"; };
		953001E328D05E32007731B2 /* WeekdaysView.swift */ = {isa = PBXFileReference; lastKnownFileType = sourcecode.swift; path = WeekdaysView.swift; sourceTree = "<group>"; };
		953001E728D06095007731B2 /* CalendarHeaderView.swift */ = {isa = PBXFileReference; lastKnownFileType = sourcecode.swift; path = CalendarHeaderView.swift; sourceTree = "<group>"; };
		953001E928D068B8007731B2 /* TaskInCalendarView.swift */ = {isa = PBXFileReference; lastKnownFileType = sourcecode.swift; path = TaskInCalendarView.swift; sourceTree = "<group>"; };
/* End PBXFileReference section */

/* Begin PBXFrameworksBuildPhase section */
		09C303682827462400B47283 /* Frameworks */ = {
			isa = PBXFrameworksBuildPhase;
			buildActionMask = 2147483647;
			files = (
				09BF2D3C28D45AF8005B3327 /* RealmSwift in Frameworks */,
				09BF2D3A28D45AF8005B3327 /* Realm in Frameworks */,
				9503C5DC28CF09E500900798 /* RealmSwift in Frameworks */,
				9503C5DA28CF09E500900798 /* Realm in Frameworks */,
			);
			runOnlyForDeploymentPostprocessing = 0;
		};
/* End PBXFrameworksBuildPhase section */

/* Begin PBXGroup section */
		0904CD2B28D4B9F5006A5962 /* Utils */ = {
			isa = PBXGroup;
			children = (
				0904CD2C28D4BA0A006A5962 /* HeaderViewUtil.swift */,
				09BC424D28E1840A004156C9 /* CalendarViewUtil.swift */,
				95200F9D29027A2A00ACE797 /* Migrator.swift */,
			);
			path = Utils;
			sourceTree = "<group>";
		};
		09C303622827462400B47283 = {
			isa = PBXGroup;
			children = (
				09C3036D2827462400B47283 /* ToDoList */,
				09C3036C2827462400B47283 /* Products */,
			);
			sourceTree = "<group>";
		};
		09C3036C2827462400B47283 /* Products */ = {
			isa = PBXGroup;
			children = (
				09C3036B2827462400B47283 /* ToDoList.app */,
			);
			name = Products;
			sourceTree = "<group>";
		};
		09C3036D2827462400B47283 /* ToDoList */ = {
			isa = PBXGroup;
			children = (
				0912C83B2838C9D00090D088 /* Info.plist */,
				09C3036E2827462400B47283 /* ToDoListApp.swift */,
				0904CD2B28D4B9F5006A5962 /* Utils */,
				09C30383282F455200B47283 /* Models */,
				09C3037C282746AE00B47283 /* Views */,
				09C303722827462800B47283 /* Assets.xcassets */,
				09C303742827462800B47283 /* Preview Content */,
			);
			path = ToDoList;
			sourceTree = "<group>";
		};
		09C303742827462800B47283 /* Preview Content */ = {
			isa = PBXGroup;
			children = (
				09C303752827462800B47283 /* Preview Assets.xcassets */,
			);
			path = "Preview Content";
			sourceTree = "<group>";
		};
		09C3037C282746AE00B47283 /* Views */ = {
			isa = PBXGroup;
			children = (
				09A5A60328C47422004CB87C /* Home.swift */,
				95EC50AB28D4A56C00E30A26 /* Modal */,
				953001E628D06038007731B2 /* MainCard */,
				953001E528D06025007731B2 /* Calendar */,
				0912C83C2838CA4E0090D088 /* LaunchScreen.storyboard */,
			);
			path = Views;
			sourceTree = "<group>";
		};
		09C30383282F455200B47283 /* Models */ = {
			isa = PBXGroup;
			children = (
				953001E128D0459D007731B2 /* Task.swift */,
				09BCEA1128C5D672005313AE /* DateValue.swift */,
			);
			path = Models;
			sourceTree = "<group>";
		};
		953001E528D06025007731B2 /* Calendar */ = {
			isa = PBXGroup;
			children = (
				09BCEA0828C47E91005313AE /* CalendarView.swift */,
				953001E728D06095007731B2 /* CalendarHeaderView.swift */,
				953001E328D05E32007731B2 /* WeekdaysView.swift */,
				095D0AA128DAE03E00E4428F /* DaysView.swift */,
				953001E928D068B8007731B2 /* TaskInCalendarView.swift */,
			);
			path = Calendar;
			sourceTree = "<group>";
		};
		953001E628D06038007731B2 /* MainCard */ = {
			isa = PBXGroup;
			children = (
				09BCEA0F28C48B73005313AE /* HeaderView.swift */,
				09BCEA0428C47C5D005313AE /* NoTaskView.swift */,
				09BCEA0628C47CF8005313AE /* TaskCardView.swift */,
				09BCEA1328C5DD24005313AE /* TaskDoneCardView.swift */,
			);
			path = MainCard;
			sourceTree = "<group>";
		};
		95EC50AB28D4A56C00E30A26 /* Modal */ = {
			isa = PBXGroup;
			children = (
				09BCEA0B28C47F46005313AE /* ModalView.swift */,
			);
			path = Modal;
			sourceTree = "<group>";
		};
/* End PBXGroup section */

/* Begin PBXNativeTarget section */
		09C3036A2827462400B47283 /* ToDoList */ = {
			isa = PBXNativeTarget;
			buildConfigurationList = 09C303792827462800B47283 /* Build configuration list for PBXNativeTarget "ToDoList" */;
			buildPhases = (
				09C303672827462400B47283 /* Sources */,
				09C303682827462400B47283 /* Frameworks */,
				09C303692827462400B47283 /* Resources */,
			);
			buildRules = (
			);
			dependencies = (
			);
			name = ToDoList;
			packageProductDependencies = (
				9503C5D928CF09E500900798 /* Realm */,
				9503C5DB28CF09E500900798 /* RealmSwift */,
				09BF2D3928D45AF8005B3327 /* Realm */,
				09BF2D3B28D45AF8005B3327 /* RealmSwift */,
			);
			productName = ToDoList;
			productReference = 09C3036B2827462400B47283 /* ToDoList.app */;
			productType = "com.apple.product-type.application";
		};
/* End PBXNativeTarget section */

/* Begin PBXProject section */
		09C303632827462400B47283 /* Project object */ = {
			isa = PBXProject;
			attributes = {
				BuildIndependentTargetsInParallel = 1;
				LastSwiftUpdateCheck = 1330;
				LastUpgradeCheck = 1330;
				TargetAttributes = {
					09C3036A2827462400B47283 = {
						CreatedOnToolsVersion = 13.3.1;
					};
				};
			};
			buildConfigurationList = 09C303662827462400B47283 /* Build configuration list for PBXProject "ToDoList" */;
			compatibilityVersion = "Xcode 13.0";
			developmentRegion = en;
			hasScannedForEncodings = 0;
			knownRegions = (
				en,
				Base,
			);
			mainGroup = 09C303622827462400B47283;
			packageReferences = (
				9503C5D828CF09E500900798 /* XCRemoteSwiftPackageReference "realm-cocoa" */,
				09BF2D3828D45AF8005B3327 /* XCRemoteSwiftPackageReference "realm-cocoa" */,
			);
			productRefGroup = 09C3036C2827462400B47283 /* Products */;
			projectDirPath = "";
			projectRoot = "";
			targets = (
				09C3036A2827462400B47283 /* ToDoList */,
			);
		};
/* End PBXProject section */

/* Begin PBXResourcesBuildPhase section */
		09C303692827462400B47283 /* Resources */ = {
			isa = PBXResourcesBuildPhase;
			buildActionMask = 2147483647;
			files = (
				0912C83D2838CA4E0090D088 /* LaunchScreen.storyboard in Resources */,
				09C303762827462800B47283 /* Preview Assets.xcassets in Resources */,
				09C303732827462800B47283 /* Assets.xcassets in Resources */,
			);
			runOnlyForDeploymentPostprocessing = 0;
		};
/* End PBXResourcesBuildPhase section */

/* Begin PBXSourcesBuildPhase section */
		09C303672827462400B47283 /* Sources */ = {
			isa = PBXSourcesBuildPhase;
			buildActionMask = 2147483647;
			files = (
				09BCEA0528C47C5D005313AE /* NoTaskView.swift in Sources */,
				095D0AA228DAE03E00E4428F /* DaysView.swift in Sources */,
				09BCEA1228C5D672005313AE /* DateValue.swift in Sources */,
				09BCEA0928C47E91005313AE /* CalendarView.swift in Sources */,
				09BCEA0C28C47F46005313AE /* ModalView.swift in Sources */,
				09BCEA0728C47CF8005313AE /* TaskCardView.swift in Sources */,
				953001E428D05E32007731B2 /* WeekdaysView.swift in Sources */,
				09BCEA1028C48B73005313AE /* HeaderView.swift in Sources */,
				953001EA28D068B8007731B2 /* TaskInCalendarView.swift in Sources */,
				09BCEA1428C5DD24005313AE /* TaskDoneCardView.swift in Sources */,
				09A5A60428C47422004CB87C /* Home.swift in Sources */,
				09BC424E28E1840A004156C9 /* CalendarViewUtil.swift in Sources */,
				953001E228D0459D007731B2 /* Task.swift in Sources */,
				0904CD2D28D4BA0A006A5962 /* HeaderViewUtil.swift in Sources */,
				09C3036F2827462400B47283 /* ToDoListApp.swift in Sources */,
				953001E828D06095007731B2 /* CalendarHeaderView.swift in Sources */,
				95200F9E29027A2A00ACE797 /* Migrator.swift in Sources */,
			);
			runOnlyForDeploymentPostprocessing = 0;
		};
/* End PBXSourcesBuildPhase section */

/* Begin XCBuildConfiguration section */
		09C303772827462800B47283 /* Debug */ = {
			isa = XCBuildConfiguration;
			buildSettings = {
				ALWAYS_SEARCH_USER_PATHS = NO;
				CLANG_ANALYZER_NONNULL = YES;
				CLANG_ANALYZER_NUMBER_OBJECT_CONVERSION = YES_AGGRESSIVE;
				CLANG_CXX_LANGUAGE_STANDARD = "gnu++17";
				CLANG_ENABLE_MODULES = YES;
				CLANG_ENABLE_OBJC_ARC = YES;
				CLANG_ENABLE_OBJC_WEAK = YES;
				CLANG_WARN_BLOCK_CAPTURE_AUTORELEASING = YES;
				CLANG_WARN_BOOL_CONVERSION = YES;
				CLANG_WARN_COMMA = YES;
				CLANG_WARN_CONSTANT_CONVERSION = YES;
				CLANG_WARN_DEPRECATED_OBJC_IMPLEMENTATIONS = YES;
				CLANG_WARN_DIRECT_OBJC_ISA_USAGE = YES_ERROR;
				CLANG_WARN_DOCUMENTATION_COMMENTS = YES;
				CLANG_WARN_EMPTY_BODY = YES;
				CLANG_WARN_ENUM_CONVERSION = YES;
				CLANG_WARN_INFINITE_RECURSION = YES;
				CLANG_WARN_INT_CONVERSION = YES;
				CLANG_WARN_NON_LITERAL_NULL_CONVERSION = YES;
				CLANG_WARN_OBJC_IMPLICIT_RETAIN_SELF = YES;
				CLANG_WARN_OBJC_LITERAL_CONVERSION = YES;
				CLANG_WARN_OBJC_ROOT_CLASS = YES_ERROR;
				CLANG_WARN_QUOTED_INCLUDE_IN_FRAMEWORK_HEADER = YES;
				CLANG_WARN_RANGE_LOOP_ANALYSIS = YES;
				CLANG_WARN_STRICT_PROTOTYPES = YES;
				CLANG_WARN_SUSPICIOUS_MOVE = YES;
				CLANG_WARN_UNGUARDED_AVAILABILITY = YES_AGGRESSIVE;
				CLANG_WARN_UNREACHABLE_CODE = YES;
				CLANG_WARN__DUPLICATE_METHOD_MATCH = YES;
				COPY_PHASE_STRIP = NO;
				DEBUG_INFORMATION_FORMAT = dwarf;
				ENABLE_STRICT_OBJC_MSGSEND = YES;
				ENABLE_TESTABILITY = YES;
				GCC_C_LANGUAGE_STANDARD = gnu11;
				GCC_DYNAMIC_NO_PIC = NO;
				GCC_NO_COMMON_BLOCKS = YES;
				GCC_OPTIMIZATION_LEVEL = 0;
				GCC_PREPROCESSOR_DEFINITIONS = (
					"DEBUG=1",
					"$(inherited)",
				);
				GCC_WARN_64_TO_32_BIT_CONVERSION = YES;
				GCC_WARN_ABOUT_RETURN_TYPE = YES_ERROR;
				GCC_WARN_UNDECLARED_SELECTOR = YES;
				GCC_WARN_UNINITIALIZED_AUTOS = YES_AGGRESSIVE;
				GCC_WARN_UNUSED_FUNCTION = YES;
				GCC_WARN_UNUSED_VARIABLE = YES;
				INFOPLIST_KEY_UILaunchScreen_Generation = NO;
				IPHONEOS_DEPLOYMENT_TARGET = 15.4;
				MTL_ENABLE_DEBUG_INFO = INCLUDE_SOURCE;
				MTL_FAST_MATH = YES;
				ONLY_ACTIVE_ARCH = YES;
				SDKROOT = iphoneos;
				SWIFT_ACTIVE_COMPILATION_CONDITIONS = DEBUG;
				SWIFT_OPTIMIZATION_LEVEL = "-Onone";
			};
			name = Debug;
		};
		09C303782827462800B47283 /* Release */ = {
			isa = XCBuildConfiguration;
			buildSettings = {
				ALWAYS_SEARCH_USER_PATHS = NO;
				CLANG_ANALYZER_NONNULL = YES;
				CLANG_ANALYZER_NUMBER_OBJECT_CONVERSION = YES_AGGRESSIVE;
				CLANG_CXX_LANGUAGE_STANDARD = "gnu++17";
				CLANG_ENABLE_MODULES = YES;
				CLANG_ENABLE_OBJC_ARC = YES;
				CLANG_ENABLE_OBJC_WEAK = YES;
				CLANG_WARN_BLOCK_CAPTURE_AUTORELEASING = YES;
				CLANG_WARN_BOOL_CONVERSION = YES;
				CLANG_WARN_COMMA = YES;
				CLANG_WARN_CONSTANT_CONVERSION = YES;
				CLANG_WARN_DEPRECATED_OBJC_IMPLEMENTATIONS = YES;
				CLANG_WARN_DIRECT_OBJC_ISA_USAGE = YES_ERROR;
				CLANG_WARN_DOCUMENTATION_COMMENTS = YES;
				CLANG_WARN_EMPTY_BODY = YES;
				CLANG_WARN_ENUM_CONVERSION = YES;
				CLANG_WARN_INFINITE_RECURSION = YES;
				CLANG_WARN_INT_CONVERSION = YES;
				CLANG_WARN_NON_LITERAL_NULL_CONVERSION = YES;
				CLANG_WARN_OBJC_IMPLICIT_RETAIN_SELF = YES;
				CLANG_WARN_OBJC_LITERAL_CONVERSION = YES;
				CLANG_WARN_OBJC_ROOT_CLASS = YES_ERROR;
				CLANG_WARN_QUOTED_INCLUDE_IN_FRAMEWORK_HEADER = YES;
				CLANG_WARN_RANGE_LOOP_ANALYSIS = YES;
				CLANG_WARN_STRICT_PROTOTYPES = YES;
				CLANG_WARN_SUSPICIOUS_MOVE = YES;
				CLANG_WARN_UNGUARDED_AVAILABILITY = YES_AGGRESSIVE;
				CLANG_WARN_UNREACHABLE_CODE = YES;
				CLANG_WARN__DUPLICATE_METHOD_MATCH = YES;
				COPY_PHASE_STRIP = NO;
				DEBUG_INFORMATION_FORMAT = "dwarf-with-dsym";
				ENABLE_NS_ASSERTIONS = NO;
				ENABLE_STRICT_OBJC_MSGSEND = YES;
				GCC_C_LANGUAGE_STANDARD = gnu11;
				GCC_NO_COMMON_BLOCKS = YES;
				GCC_WARN_64_TO_32_BIT_CONVERSION = YES;
				GCC_WARN_ABOUT_RETURN_TYPE = YES_ERROR;
				GCC_WARN_UNDECLARED_SELECTOR = YES;
				GCC_WARN_UNINITIALIZED_AUTOS = YES_AGGRESSIVE;
				GCC_WARN_UNUSED_FUNCTION = YES;
				GCC_WARN_UNUSED_VARIABLE = YES;
				INFOPLIST_KEY_UILaunchScreen_Generation = NO;
				IPHONEOS_DEPLOYMENT_TARGET = 15.4;
				MTL_ENABLE_DEBUG_INFO = NO;
				MTL_FAST_MATH = YES;
				SDKROOT = iphoneos;
				SWIFT_COMPILATION_MODE = wholemodule;
				SWIFT_OPTIMIZATION_LEVEL = "-O";
				VALIDATE_PRODUCT = YES;
			};
			name = Release;
		};
		09C3037A2827462800B47283 /* Debug */ = {
			isa = XCBuildConfiguration;
			buildSettings = {
				ASSETCATALOG_COMPILER_APPICON_NAME = AppIcon;
				ASSETCATALOG_COMPILER_GLOBAL_ACCENT_COLOR_NAME = AccentColor;
				CODE_SIGN_STYLE = Automatic;
				CURRENT_PROJECT_VERSION = 1;
				DEVELOPMENT_ASSET_PATHS = "\"ToDoList/Preview Content\"";
				DEVELOPMENT_TEAM = 53DAD6BN6X;
				ENABLE_PREVIEWS = YES;
				GENERATE_INFOPLIST_FILE = YES;
				INFOPLIST_FILE = ToDoList/Info.plist;
				INFOPLIST_KEY_CFBundleDisplayName = NTDA;
				INFOPLIST_KEY_LSApplicationCategoryType = "";
				INFOPLIST_KEY_UIApplicationSceneManifest_Generation = YES;
				INFOPLIST_KEY_UIApplicationSupportsIndirectInputEvents = YES;
				INFOPLIST_KEY_UILaunchStoryboardName = LaunchScreen;
				INFOPLIST_KEY_UISupportedInterfaceOrientations_iPad = "UIInterfaceOrientationPortrait UIInterfaceOrientationPortraitUpsideDown UIInterfaceOrientationLandscapeLeft UIInterfaceOrientationLandscapeRight";
				INFOPLIST_KEY_UISupportedInterfaceOrientations_iPhone = "UIInterfaceOrientationPortrait UIInterfaceOrientationLandscapeLeft UIInterfaceOrientationLandscapeRight";
				LD_RUNPATH_SEARCH_PATHS = (
					"$(inherited)",
					"@executable_path/Frameworks",
				);
				MARKETING_VERSION = 1.0;
				PRODUCT_BUNDLE_IDENTIFIER = "com.eelijus.-roirequin.ToDoList";
				PRODUCT_NAME = "$(TARGET_NAME)";
				SWIFT_EMIT_LOC_STRINGS = YES;
				SWIFT_VERSION = 5.0;
				TARGETED_DEVICE_FAMILY = "1,2";
			};
			name = Debug;
		};
		09C3037B2827462800B47283 /* Release */ = {
			isa = XCBuildConfiguration;
			buildSettings = {
				ASSETCATALOG_COMPILER_APPICON_NAME = AppIcon;
				ASSETCATALOG_COMPILER_GLOBAL_ACCENT_COLOR_NAME = AccentColor;
				CODE_SIGN_STYLE = Automatic;
				CURRENT_PROJECT_VERSION = 1;
				DEVELOPMENT_ASSET_PATHS = "\"ToDoList/Preview Content\"";
				DEVELOPMENT_TEAM = 53DAD6BN6X;
				ENABLE_PREVIEWS = YES;
				GENERATE_INFOPLIST_FILE = YES;
				INFOPLIST_FILE = ToDoList/Info.plist;
				INFOPLIST_KEY_CFBundleDisplayName = NTDA;
				INFOPLIST_KEY_LSApplicationCategoryType = "";
				INFOPLIST_KEY_UIApplicationSceneManifest_Generation = YES;
				INFOPLIST_KEY_UIApplicationSupportsIndirectInputEvents = YES;
				INFOPLIST_KEY_UILaunchStoryboardName = LaunchScreen;
				INFOPLIST_KEY_UISupportedInterfaceOrientations_iPad = "UIInterfaceOrientationPortrait UIInterfaceOrientationPortraitUpsideDown UIInterfaceOrientationLandscapeLeft UIInterfaceOrientationLandscapeRight";
				INFOPLIST_KEY_UISupportedInterfaceOrientations_iPhone = "UIInterfaceOrientationPortrait UIInterfaceOrientationLandscapeLeft UIInterfaceOrientationLandscapeRight";
				LD_RUNPATH_SEARCH_PATHS = (
					"$(inherited)",
					"@executable_path/Frameworks",
				);
				MARKETING_VERSION = 1.0;
				PRODUCT_BUNDLE_IDENTIFIER = "com.eelijus.-roirequin.ToDoList";
				PRODUCT_NAME = "$(TARGET_NAME)";
				SWIFT_EMIT_LOC_STRINGS = YES;
				SWIFT_VERSION = 5.0;
				TARGETED_DEVICE_FAMILY = "1,2";
			};
			name = Release;
		};
/* End XCBuildConfiguration section */

/* Begin XCConfigurationList section */
		09C303662827462400B47283 /* Build configuration list for PBXProject "ToDoList" */ = {
			isa = XCConfigurationList;
			buildConfigurations = (
				09C303772827462800B47283 /* Debug */,
				09C303782827462800B47283 /* Release */,
			);
			defaultConfigurationIsVisible = 0;
			defaultConfigurationName = Release;
		};
		09C303792827462800B47283 /* Build configuration list for PBXNativeTarget "ToDoList" */ = {
			isa = XCConfigurationList;
			buildConfigurations = (
				09C3037A2827462800B47283 /* Debug */,
				09C3037B2827462800B47283 /* Release */,
			);
			defaultConfigurationIsVisible = 0;
			defaultConfigurationName = Release;
		};
/* End XCConfigurationList section */

/* Begin XCRemoteSwiftPackageReference section */
		09BF2D3828D45AF8005B3327 /* XCRemoteSwiftPackageReference "realm-cocoa" */ = {
			isa = XCRemoteSwiftPackageReference;
			repositoryURL = "https://github.com/realm/realm-cocoa.git";
			requirement = {
				kind = upToNextMajorVersion;
				minimumVersion = 10.10.0;
			};
		};
		9503C5D828CF09E500900798 /* XCRemoteSwiftPackageReference "realm-cocoa" */ = {
			isa = XCRemoteSwiftPackageReference;
			repositoryURL = "https://github.com/realm/realm-cocoa";
			requirement = {
				kind = upToNextMajorVersion;
				minimumVersion = 10.10.0;
			};
		};
/* End XCRemoteSwiftPackageReference section */

/* Begin XCSwiftPackageProductDependency section */
		09BF2D3928D45AF8005B3327 /* Realm */ = {
			isa = XCSwiftPackageProductDependency;
			package = 09BF2D3828D45AF8005B3327 /* XCRemoteSwiftPackageReference "realm-cocoa" */;
			productName = Realm;
		};
		09BF2D3B28D45AF8005B3327 /* RealmSwift */ = {
			isa = XCSwiftPackageProductDependency;
			package = 09BF2D3828D45AF8005B3327 /* XCRemoteSwiftPackageReference "realm-cocoa" */;
			productName = RealmSwift;
		};
		9503C5D928CF09E500900798 /* Realm */ = {
			isa = XCSwiftPackageProductDependency;
			package = 9503C5D828CF09E500900798 /* XCRemoteSwiftPackageReference "realm-cocoa" */;
			productName = Realm;
		};
		9503C5DB28CF09E500900798 /* RealmSwift */ = {
			isa = XCSwiftPackageProductDependency;
			package = 9503C5D828CF09E500900798 /* XCRemoteSwiftPackageReference "realm-cocoa" */;
			productName = RealmSwift;
		};
/* End XCSwiftPackageProductDependency section */
	};
	rootObject = 09C303632827462400B47283 /* Project object */;
}
